
Microsoft Visual Studio Solution File, Format Version 12.00
# Visual Studio Version 17
VisualStudioVersion = 17.3.32825.248
MinimumVisualStudioVersion = 10.0.40219.1
Project("{8BC9CEB8-8B4A-11D0-8D11-00A0C91BC942}") = "playground", "playground\playground.vcxproj", "{47F5AE37-A22A-4A1E-AD6F-5419098E6A8E}"
EndProject
Project("{8BC9CEB8-8B4A-11D0-8D11-00A0C91BC942}") = "jupiter_engine", "jupiter_engine\jupiter_engine.vcxproj", "{C143F8BC-7B08-4C46-9689-8E593D0B042D}"
EndProject
Global
	GlobalSection(SolutionConfigurationPlatforms) = preSolution
		Debug|x64 = Debug|x64
		Debug|x86 = Debug|x86
		Release|x64 = Release|x64
		Release|x86 = Release|x86
	EndGlobalSection
	GlobalSection(ProjectConfigurationPlatforms) = postSolution
		{C143F8BC-7B08-4C46-9689-8E593D0B042D}.Debug|x64.ActiveCfg = Debug|x64
		{C143F8BC-7B08-4C46-9689-8E593D0B042D}.Debug|x64.Build.0 = Debug|x64
		{C143F8BC-7B08-4C46-9689-8E593D0B042D}.Debug|x86.ActiveCfg = Debug|Win32
		{C143F8BC-7B08-4C46-9689-8E593D0B042D}.Debug|x86.Build.0 = Debug|Win32
		{C143F8BC-7B08-4C46-9689-8E593D0B042D}.Release|x64.ActiveCfg = Release|x64
		{C143F8BC-7B08-4C46-9689-8E593D0B042D}.Release|x64.Build.0 = Release|x64
		{C143F8BC-7B08-4C46-9689-8E593D0B042D}.Release|x86.ActiveCfg = Release|Win32
		{C143F8BC-7B08-4C46-9689-8E593D0B042D}.Release|x86.Build.0 = Release|Win32
		{47F5AE37-A22A-4A1E-AD6F-5419098E6A8E}.Debug|x64.ActiveCfg = Debug|x64
		{47F5AE37-A22A-4A1E-AD6F-5419098E6A8E}.Debug|x64.Build.0 = Debug|x64
		{47F5AE37-A22A-4A1E-AD6F-5419098E6A8E}.Debug|x86.ActiveCfg = Debug|Win32
		{47F5AE37-A22A-4A1E-AD6F-5419098E6A8E}.Debug|x86.Build.0 = Debug|Win32
		{47F5AE37-A22A-4A1E-AD6F-5419098E6A8E}.Release|x64.ActiveCfg = Release|x64
		{47F5AE37-A22A-4A1E-AD6F-5419098E6A8E}.Release|x64.Build.0 = Release|x64
		{47F5AE37-A22A-4A1E-AD6F-5419098E6A8E}.Release|x86.ActiveCfg = Release|Win32
		{47F5AE37-A22A-4A1E-AD6F-5419098E6A8E}.Release|x86.Build.0 = Release|Win32
	EndGlobalSection
	GlobalSection(SolutionProperties) = preSolution
		HideSolutionNode = FALSE
	EndGlobalSection
	GlobalSection(ExtensibilityGlobals) = postSolution
		SolutionGuid = {FD9F6500-4034-4CF9-BD67-B4704BABBB90}
	EndGlobalSection
EndGlobal
